
Microsoft Visual Studio Solution File, Format Version 12.00
# Visual Studio Version 16
VisualStudioVersion = 16.0.30011.22
MinimumVisualStudioVersion = 10.0.40219.1
Project("{9A19103F-16F7-4668-BE54-9A1E7A4F7556}") = "LeetCodeMethods", "test\LeetCodeMethods.csproj", "{1A4A483C-71C4-463E-A8C0-A7CABA1211FA}"
EndProject
Project("{FAE04EC0-301F-11D3-BF4B-00C04F79EFBC}") = "LeetCodeTests", "LeetCodeTests\LeetCodeTests.csproj", "{D69ED0A8-F80F-4891-897E-EEADF2597187}"
EndProject
Global
	GlobalSection(SolutionConfigurationPlatforms) = preSolution
		Debug|Any CPU = Debug|Any CPU
		Release|Any CPU = Release|Any CPU
	EndGlobalSection
	GlobalSection(ProjectConfigurationPlatforms) = postSolution
		{1A4A483C-71C4-463E-A8C0-A7CABA1211FA}.Debug|Any CPU.ActiveCfg = Debug|Any CPU
		{1A4A483C-71C4-463E-A8C0-A7CABA1211FA}.Debug|Any CPU.Build.0 = Debug|Any CPU
		{1A4A483C-71C4-463E-A8C0-A7CABA1211FA}.Release|Any CPU.ActiveCfg = Release|Any CPU
		{1A4A483C-71C4-463E-A8C0-A7CABA1211FA}.Release|Any CPU.Build.0 = Release|Any CPU
		{D69ED0A8-F80F-4891-897E-EEADF2597187}.Debug|Any CPU.ActiveCfg = Debug|Any CPU
		{D69ED0A8-F80F-4891-897E-EEADF2597187}.Debug|Any CPU.Build.0 = Debug|Any CPU
		{D69ED0A8-F80F-4891-897E-EEADF2597187}.Release|Any CPU.ActiveCfg = Release|Any CPU
		{D69ED0A8-F80F-4891-897E-EEADF2597187}.Release|Any CPU.Build.0 = Release|Any CPU
	EndGlobalSection
	GlobalSection(SolutionProperties) = preSolution
		HideSolutionNode = FALSE
	EndGlobalSection
	GlobalSection(ExtensibilityGlobals) = postSolution
		SolutionGuid = {D41C9FFE-734A-400C-BD3F-330C2C98FDD6}
	EndGlobalSection
EndGlobal
